
Microsoft Visual Studio Solution File, Format Version 12.00
# Visual Studio Version 17
VisualStudioVersion = 17.12.35707.178
MinimumVisualStudioVersion = 10.0.40219.1
Project("{FAE04EC0-301F-11D3-BF4B-00C04F79EFBC}") = "RestHotel", "RestHotel\RestHotel.csproj", "{C2873DF5-40C5-44D9-B893-F9EF39DD82AB}"
EndProject
Project("{2150E333-8FDC-42A3-9474-1A3956D46DE8}") = "API", "API", "{3C915B06-22E5-4C5B-84ED-0CAF61302EFD}"
EndProject
Project("{2150E333-8FDC-42A3-9474-1A3956D46DE8}") = "Aplicacion", "Aplicacion", "{6989681C-0E13-4462-ACA3-802E62EBC052}"
EndProject
Project("{2150E333-8FDC-42A3-9474-1A3956D46DE8}") = "Core", "Core", "{58D2CA22-0FAC-4D33-8283-C5D0813CF66C}"
EndProject
Project("{2150E333-8FDC-42A3-9474-1A3956D46DE8}") = "Infraestructure", "Infraestructure", "{27DB4003-D545-44ED-A45D-D177E4DB773B}"
EndProject
Project("{2150E333-8FDC-42A3-9474-1A3956D46DE8}") = "IOC", "IOC", "{95072DE6-76BD-41DD-8F51-2DF73E13F30C}"
EndProject
Project("{2150E333-8FDC-42A3-9474-1A3956D46DE8}") = "Test", "Test", "{8084FB97-D615-47B4-A8FE-F18F9FBC595C}"
EndProject
Project("{2150E333-8FDC-42A3-9474-1A3956D46DE8}") = "Web", "Web", "{A75066F0-0E07-4919-83E0-653A8C211AB1}"
EndProject
Project("{FAE04EC0-301F-11D3-BF4B-00C04F79EFBC}") = "Application", "Application\Application.csproj", "{632200F2-23FD-43D8-A935-C0C2ACB24030}"
EndProject
Project("{FAE04EC0-301F-11D3-BF4B-00C04F79EFBC}") = "SGA.Domain", "Domain\SGA.Domain.csproj", "{6CA541B1-88B1-4B88-8E1B-5E23485A30B2}"
EndProject
Project("{FAE04EC0-301F-11D3-BF4B-00C04F79EFBC}") = "Infrastructure", "Infrastructure\Infrastructure.csproj", "{002A11D5-4674-4194-8A6B-093DB508210B}"
EndProject
Project("{FAE04EC0-301F-11D3-BF4B-00C04F79EFBC}") = "Persistence", "Persistence\Persistence.csproj", "{461B483E-68BF-4489-8BC8-3E757A9309A1}"
EndProject
Project("{FAE04EC0-301F-11D3-BF4B-00C04F79EFBC}") = "IOC", "IOC\IOC.csproj", "{203A78E1-3D15-47C8-8D15-1A0B530107CF}"
EndProject
Project("{FAE04EC0-301F-11D3-BF4B-00C04F79EFBC}") = "Application.Test", "Application.Test\Application.Test.csproj", "{B0FFA18C-3BCE-45FF-9632-51CB9AADFA8C}"
EndProject
Project("{FAE04EC0-301F-11D3-BF4B-00C04F79EFBC}") = "Persistence.Test", "Persistence.Test\Persistence.Test.csproj", "{9459E5A7-AF97-4E17-A3E9-5AC86420E554}"
EndProject
Project("{F2A71F9B-5D33-465A-A702-920D77279786}") = "SGA.Api", "SGA.Api\SGA.Api.fsproj", "{1BAC6821-DBF4-4D7F-B7AC-B62B13AFD537}"
EndProject
Project("{F2A71F9B-5D33-465A-A702-920D77279786}") = "SGA.Web", "SGA.Web\SGA.Web.fsproj", "{A8A1DCC8-D681-454E-BD69-401166FF92D6}"
EndProject
Global
	GlobalSection(SolutionConfigurationPlatforms) = preSolution
		Debug|Any CPU = Debug|Any CPU
		Release|Any CPU = Release|Any CPU
	EndGlobalSection
	GlobalSection(ProjectConfigurationPlatforms) = postSolution
		{C2873DF5-40C5-44D9-B893-F9EF39DD82AB}.Debug|Any CPU.ActiveCfg = Debug|Any CPU
		{C2873DF5-40C5-44D9-B893-F9EF39DD82AB}.Debug|Any CPU.Build.0 = Debug|Any CPU
		{C2873DF5-40C5-44D9-B893-F9EF39DD82AB}.Release|Any CPU.ActiveCfg = Release|Any CPU
		{C2873DF5-40C5-44D9-B893-F9EF39DD82AB}.Release|Any CPU.Build.0 = Release|Any CPU
		{632200F2-23FD-43D8-A935-C0C2ACB24030}.Debug|Any CPU.ActiveCfg = Debug|Any CPU
		{632200F2-23FD-43D8-A935-C0C2ACB24030}.Debug|Any CPU.Build.0 = Debug|Any CPU
		{632200F2-23FD-43D8-A935-C0C2ACB24030}.Release|Any CPU.ActiveCfg = Release|Any CPU
		{632200F2-23FD-43D8-A935-C0C2ACB24030}.Release|Any CPU.Build.0 = Release|Any CPU
		{6CA541B1-88B1-4B88-8E1B-5E23485A30B2}.Debug|Any CPU.ActiveCfg = Debug|Any CPU
		{6CA541B1-88B1-4B88-8E1B-5E23485A30B2}.Debug|Any CPU.Build.0 = Debug|Any CPU
		{6CA541B1-88B1-4B88-8E1B-5E23485A30B2}.Release|Any CPU.ActiveCfg = Release|Any CPU
		{6CA541B1-88B1-4B88-8E1B-5E23485A30B2}.Release|Any CPU.Build.0 = Release|Any CPU
		{002A11D5-4674-4194-8A6B-093DB508210B}.Debug|Any CPU.ActiveCfg = Debug|Any CPU
		{002A11D5-4674-4194-8A6B-093DB508210B}.Debug|Any CPU.Build.0 = Debug|Any CPU
		{002A11D5-4674-4194-8A6B-093DB508210B}.Release|Any CPU.ActiveCfg = Release|Any CPU
		{002A11D5-4674-4194-8A6B-093DB508210B}.Release|Any CPU.Build.0 = Release|Any CPU
		{461B483E-68BF-4489-8BC8-3E757A9309A1}.Debug|Any CPU.ActiveCfg = Debug|Any CPU
		{461B483E-68BF-4489-8BC8-3E757A9309A1}.Debug|Any CPU.Build.0 = Debug|Any CPU
		{461B483E-68BF-4489-8BC8-3E757A9309A1}.Release|Any CPU.ActiveCfg = Release|Any CPU
		{461B483E-68BF-4489-8BC8-3E757A9309A1}.Release|Any CPU.Build.0 = Release|Any CPU
		{203A78E1-3D15-47C8-8D15-1A0B530107CF}.Debug|Any CPU.ActiveCfg = Debug|Any CPU
		{203A78E1-3D15-47C8-8D15-1A0B530107CF}.Debug|Any CPU.Build.0 = Debug|Any CPU
		{203A78E1-3D15-47C8-8D15-1A0B530107CF}.Release|Any CPU.ActiveCfg = Release|Any CPU
		{203A78E1-3D15-47C8-8D15-1A0B530107CF}.Release|Any CPU.Build.0 = Release|Any CPU
		{B0FFA18C-3BCE-45FF-9632-51CB9AADFA8C}.Debug|Any CPU.ActiveCfg = Debug|Any CPU
		{B0FFA18C-3BCE-45FF-9632-51CB9AADFA8C}.Debug|Any CPU.Build.0 = Debug|Any CPU
		{B0FFA18C-3BCE-45FF-9632-51CB9AADFA8C}.Release|Any CPU.ActiveCfg = Release|Any CPU
		{B0FFA18C-3BCE-45FF-9632-51CB9AADFA8C}.Release|Any CPU.Build.0 = Release|Any CPU
		{9459E5A7-AF97-4E17-A3E9-5AC86420E554}.Debug|Any CPU.ActiveCfg = Debug|Any CPU
		{9459E5A7-AF97-4E17-A3E9-5AC86420E554}.Debug|Any CPU.Build.0 = Debug|Any CPU
		{9459E5A7-AF97-4E17-A3E9-5AC86420E554}.Release|Any CPU.ActiveCfg = Release|Any CPU
		{9459E5A7-AF97-4E17-A3E9-5AC86420E554}.Release|Any CPU.Build.0 = Release|Any CPU
		{1BAC6821-DBF4-4D7F-B7AC-B62B13AFD537}.Debug|Any CPU.ActiveCfg = Debug|Any CPU
		{1BAC6821-DBF4-4D7F-B7AC-B62B13AFD537}.Debug|Any CPU.Build.0 = Debug|Any CPU
		{1BAC6821-DBF4-4D7F-B7AC-B62B13AFD537}.Release|Any CPU.ActiveCfg = Release|Any CPU
		{1BAC6821-DBF4-4D7F-B7AC-B62B13AFD537}.Release|Any CPU.Build.0 = Release|Any CPU
		{A8A1DCC8-D681-454E-BD69-401166FF92D6}.Debug|Any CPU.ActiveCfg = Debug|Any CPU
		{A8A1DCC8-D681-454E-BD69-401166FF92D6}.Debug|Any CPU.Build.0 = Debug|Any CPU
		{A8A1DCC8-D681-454E-BD69-401166FF92D6}.Release|Any CPU.ActiveCfg = Release|Any CPU
		{A8A1DCC8-D681-454E-BD69-401166FF92D6}.Release|Any CPU.Build.0 = Release|Any CPU
	EndGlobalSection
	GlobalSection(SolutionProperties) = preSolution
		HideSolutionNode = FALSE
	EndGlobalSection
	GlobalSection(NestedProjects) = preSolution
		{632200F2-23FD-43D8-A935-C0C2ACB24030} = {6989681C-0E13-4462-ACA3-802E62EBC052}
		{6CA541B1-88B1-4B88-8E1B-5E23485A30B2} = {58D2CA22-0FAC-4D33-8283-C5D0813CF66C}
		{002A11D5-4674-4194-8A6B-093DB508210B} = {27DB4003-D545-44ED-A45D-D177E4DB773B}
		{461B483E-68BF-4489-8BC8-3E757A9309A1} = {27DB4003-D545-44ED-A45D-D177E4DB773B}
		{203A78E1-3D15-47C8-8D15-1A0B530107CF} = {95072DE6-76BD-41DD-8F51-2DF73E13F30C}
		{B0FFA18C-3BCE-45FF-9632-51CB9AADFA8C} = {8084FB97-D615-47B4-A8FE-F18F9FBC595C}
		{9459E5A7-AF97-4E17-A3E9-5AC86420E554} = {8084FB97-D615-47B4-A8FE-F18F9FBC595C}
		{1BAC6821-DBF4-4D7F-B7AC-B62B13AFD537} = {3C915B06-22E5-4C5B-84ED-0CAF61302EFD}
		{A8A1DCC8-D681-454E-BD69-401166FF92D6} = {A75066F0-0E07-4919-83E0-653A8C211AB1}
	EndGlobalSection
EndGlobal
